Microsoft Visual Studio Solution File, Format Version 12.00
# Visual Studio 14
VisualStudioVersion = 14.0.25420.1
MinimumVisualStudioVersion = 10.0.40219.1
Project("{8BC9CEB8-8B4A-11D0-8D11-00A0C91BC942}") = "SatelliteReceiver", "SatelliteReceiver\SatelliteReceiver.vcxproj", "{E8726EBA-E1EA-481E-A3D1-D815EFEC49C5}"
EndProject
Project("{8BC9CEB8-8B4A-11D0-8D11-00A0C91BC942}") = "Fake_Detection", "Fake_Detection\Fake_Detection.vcxproj", "{A9566841-A2F0-4F55-8B80-285F87213C9B}"
EndProject
Project("{8BC9CEB8-8B4A-11D0-8D11-00A0C91BC942}") = "SpectrumUDP", "SpectrumUDP\SpectrumUDP.vcxproj", "{5D3CD36E-1D3E-415C-B53F-C45641F96E1F}"
EndProject
Global
	GlobalSection(SolutionConfigurationPlatforms) = preSolution
		Debug|VisualGDB = Debug|VisualGDB
		Debug|x86 = Debug|x86
		Release_READ|VisualGDB = Release_READ|VisualGDB
		Release_READ|x86 = Release_READ|x86
		Release|VisualGDB = Release|VisualGDB
		Release|x86 = Release|x86
	EndGlobalSection
	GlobalSection(ProjectConfigurationPlatforms) = postSolution
		{E8726EBA-E1EA-481E-A3D1-D815EFEC49C5}.Debug|VisualGDB.ActiveCfg = Debug|Win32
		{E8726EBA-E1EA-481E-A3D1-D815EFEC49C5}.Debug|x86.ActiveCfg = Debug|Win32
		{E8726EBA-E1EA-481E-A3D1-D815EFEC49C5}.Debug|x86.Build.0 = Debug|Win32
		{E8726EBA-E1EA-481E-A3D1-D815EFEC49C5}.Release_READ|VisualGDB.ActiveCfg = Release|Win32
		{E8726EBA-E1EA-481E-A3D1-D815EFEC49C5}.Release_READ|VisualGDB.Build.0 = Release|Win32
		{E8726EBA-E1EA-481E-A3D1-D815EFEC49C5}.Release_READ|x86.ActiveCfg = Release|Win32
		{E8726EBA-E1EA-481E-A3D1-D815EFEC49C5}.Release_READ|x86.Build.0 = Release|Win32
		{E8726EBA-E1EA-481E-A3D1-D815EFEC49C5}.Release|VisualGDB.ActiveCfg = Release|Win32
		{E8726EBA-E1EA-481E-A3D1-D815EFEC49C5}.Release|x86.ActiveCfg = Release|Win32
		{E8726EBA-E1EA-481E-A3D1-D815EFEC49C5}.Release|x86.Build.0 = Release|Win32
		{A9566841-A2F0-4F55-8B80-285F87213C9B}.Debug|VisualGDB.ActiveCfg = Debug|VisualGDB
		{A9566841-A2F0-4F55-8B80-285F87213C9B}.Debug|VisualGDB.Build.0 = Debug|VisualGDB
		{A9566841-A2F0-4F55-8B80-285F87213C9B}.Debug|x86.ActiveCfg = Debug|VisualGDB
		{A9566841-A2F0-4F55-8B80-285F87213C9B}.Release_READ|VisualGDB.ActiveCfg = Release_READ|VisualGDB
		{A9566841-A2F0-4F55-8B80-285F87213C9B}.Release_READ|VisualGDB.Build.0 = Release_READ|VisualGDB
		{A9566841-A2F0-4F55-8B80-285F87213C9B}.Release_READ|x86.ActiveCfg = Release_READ|VisualGDB
		{A9566841-A2F0-4F55-8B80-285F87213C9B}.Release_READ|x86.Build.0 = Release_READ|VisualGDB
		{A9566841-A2F0-4F55-8B80-285F87213C9B}.Release|VisualGDB.ActiveCfg = Release|VisualGDB
		{A9566841-A2F0-4F55-8B80-285F87213C9B}.Release|VisualGDB.Build.0 = Release|VisualGDB
		{A9566841-A2F0-4F55-8B80-285F87213C9B}.Release|x86.ActiveCfg = Release|VisualGDB
		{5D3CD36E-1D3E-415C-B53F-C45641F96E1F}.Debug|VisualGDB.ActiveCfg = Debug|VisualGDB
		{5D3CD36E-1D3E-415C-B53F-C45641F96E1F}.Debug|VisualGDB.Build.0 = Debug|VisualGDB
		{5D3CD36E-1D3E-415C-B53F-C45641F96E1F}.Debug|x86.ActiveCfg = Debug|VisualGDB
		{5D3CD36E-1D3E-415C-B53F-C45641F96E1F}.Release_READ|VisualGDB.ActiveCfg = Release|VisualGDB
		{5D3CD36E-1D3E-415C-B53F-C45641F96E1F}.Release_READ|VisualGDB.Build.0 = Release|VisualGDB
		{5D3CD36E-1D3E-415C-B53F-C45641F96E1F}.Release_READ|x86.ActiveCfg = Debug|VisualGDB
		{5D3CD36E-1D3E-415C-B53F-C45641F96E1F}.Release_READ|x86.Build.0 = Debug|VisualGDB
		{5D3CD36E-1D3E-415C-B53F-C45641F96E1F}.Release|VisualGDB.ActiveCfg = Release|VisualGDB
		{5D3CD36E-1D3E-415C-B53F-C45641F96E1F}.Release|VisualGDB.Build.0 = Release|VisualGDB
		{5D3CD36E-1D3E-415C-B53F-C45641F96E1F}.Release|x86.ActiveCfg = Release|VisualGDB
	EndGlobalSection
	GlobalSection(SolutionProperties) = preSolution
		HideSolutionNode = FALSE
	EndGlobalSection
EndGlobal
